
Microsoft Visual Studio Solution File, Format Version 12.00
# Visual Studio Version 17
Project("{8BC9CEB8-8B4A-11D0-8D11-00A0C91BC942}") = "FenixImpossibleMod", "FenixImpossibleMod.vcxproj", "{16C055ED-02A4-1643-6B04-1196570701C5}"
EndProject
Global
	GlobalSection(SolutionConfigurationPlatforms) = preSolution
		Debug|GTA-SA = Debug|GTA-SA
		Release|GTA-SA = Release|GTA-SA
	EndGlobalSection
	GlobalSection(ProjectConfigurationPlatforms) = postSolution
		{16C055ED-02A4-1643-6B04-1196570701C5}.Debug|GTA-SA.ActiveCfg = Debug GTA-SA|Win32
		{16C055ED-02A4-1643-6B04-1196570701C5}.Debug|GTA-SA.Build.0 = Debug GTA-SA|Win32
		{16C055ED-02A4-1643-6B04-1196570701C5}.Release|GTA-SA.ActiveCfg = Release GTA-SA|Win32
		{16C055ED-02A4-1643-6B04-1196570701C5}.Release|GTA-SA.Build.0 = Release GTA-SA|Win32
	EndGlobalSection
	GlobalSection(SolutionProperties) = preSolution
		HideSolutionNode = FALSE
	EndGlobalSection
EndGlobal
